
Microsoft Visual Studio Solution File, Format Version 12.00
# Visual Studio Version 17
VisualStudioVersion = 17.1.32210.238
MinimumVisualStudioVersion = 10.0.40219.1
Project("{9A19103F-16F7-4668-BE54-9A1E7A4F7556}") = "Video.Web", "Video.Web\Video.Web.csproj", "{CAF4C60C-84A6-498F-BC0C-E7B0343143B2}"
EndProject
Project("{9A19103F-16F7-4668-BE54-9A1E7A4F7556}") = "Video.Domain", "Video.Domain\Video.Domain.csproj", "{DF392EF9-4360-4728-AC37-44862095A073}"
EndProject
Project("{9A19103F-16F7-4668-BE54-9A1E7A4F7556}") = "Video.Application", "Video.Application\Video.Application.csproj", "{ABA26BC8-54D6-494B-9568-CB42676F491F}"
EndProject
Project("{9A19103F-16F7-4668-BE54-9A1E7A4F7556}") = "Video.Infrastructure", "Video.Infrastructure\Video.Infrastructure.csproj", "{CB711BE3-CD3F-49BF-BD16-4AC7AB3348E9}"
EndProject
Global
	GlobalSection(SolutionConfigurationPlatforms) = preSolution
		Debug|Any CPU = Debug|Any CPU
		Release|Any CPU = Release|Any CPU
	EndGlobalSection
	GlobalSection(ProjectConfigurationPlatforms) = postSolution
		{CAF4C60C-84A6-498F-BC0C-E7B0343143B2}.Debug|Any CPU.ActiveCfg = Debug|Any CPU
		{CAF4C60C-84A6-498F-BC0C-E7B0343143B2}.Debug|Any CPU.Build.0 = Debug|Any CPU
		{CAF4C60C-84A6-498F-BC0C-E7B0343143B2}.Release|Any CPU.ActiveCfg = Release|Any CPU
		{CAF4C60C-84A6-498F-BC0C-E7B0343143B2}.Release|Any CPU.Build.0 = Release|Any CPU
		{DF392EF9-4360-4728-AC37-44862095A073}.Debug|Any CPU.ActiveCfg = Debug|Any CPU
		{DF392EF9-4360-4728-AC37-44862095A073}.Debug|Any CPU.Build.0 = Debug|Any CPU
		{DF392EF9-4360-4728-AC37-44862095A073}.Release|Any CPU.ActiveCfg = Release|Any CPU
		{DF392EF9-4360-4728-AC37-44862095A073}.Release|Any CPU.Build.0 = Release|Any CPU
		{ABA26BC8-54D6-494B-9568-CB42676F491F}.Debug|Any CPU.ActiveCfg = Debug|Any CPU
		{ABA26BC8-54D6-494B-9568-CB42676F491F}.Debug|Any CPU.Build.0 = Debug|Any CPU
		{ABA26BC8-54D6-494B-9568-CB42676F491F}.Release|Any CPU.ActiveCfg = Release|Any CPU
		{ABA26BC8-54D6-494B-9568-CB42676F491F}.Release|Any CPU.Build.0 = Release|Any CPU
		{CB711BE3-CD3F-49BF-BD16-4AC7AB3348E9}.Debug|Any CPU.ActiveCfg = Debug|Any CPU
		{CB711BE3-CD3F-49BF-BD16-4AC7AB3348E9}.Debug|Any CPU.Build.0 = Debug|Any CPU
		{CB711BE3-CD3F-49BF-BD16-4AC7AB3348E9}.Release|Any CPU.ActiveCfg = Release|Any CPU
		{CB711BE3-CD3F-49BF-BD16-4AC7AB3348E9}.Release|Any CPU.Build.0 = Release|Any CPU
	EndGlobalSection
	GlobalSection(SolutionProperties) = preSolution
		HideSolutionNode = FALSE
	EndGlobalSection
	GlobalSection(ExtensibilityGlobals) = postSolution
		SolutionGuid = {A3761433-A747-4E01-BF7B-850932686CDD}
	EndGlobalSection
EndGlobal
